
Microsoft Visual Studio Solution File, Format Version 12.00
# Visual Studio Version 16
VisualStudioVersion = 16.0.30002.166
MinimumVisualStudioVersion = 10.0.40219.1
Project("{FAE04EC0-301F-11D3-BF4B-00C04F79EFBC}") = "CreateClass", "CreateClass\CreateClass.csproj", "{4FA336D0-F839-492D-BF8C-4BB89617A899}"
EndProject
Global
	GlobalSection(SolutionConfigurationPlatforms) = preSolution
		Debug|Any CPU = Debug|Any CPU
		Release|Any CPU = Release|Any CPU
	EndGlobalSection
	GlobalSection(ProjectConfigurationPlatforms) = postSolution
		{4FA336D0-F839-492D-BF8C-4BB89617A899}.Debug|Any CPU.ActiveCfg = Debug|Any CPU
		{4FA336D0-F839-492D-BF8C-4BB89617A899}.Debug|Any CPU.Build.0 = Debug|Any CPU
		{4FA336D0-F839-492D-BF8C-4BB89617A899}.Release|Any CPU.ActiveCfg = Release|Any CPU
		{4FA336D0-F839-492D-BF8C-4BB89617A899}.Release|Any CPU.Build.0 = Release|Any CPU
	EndGlobalSection
	GlobalSection(SolutionProperties) = preSolution
		HideSolutionNode = FALSE
	EndGlobalSection
	GlobalSection(ExtensibilityGlobals) = postSolution
		SolutionGuid = {62D8AFF6-8691-4A28-B2C1-9719D8D2F67B}
	EndGlobalSection
EndGlobal
